{
  "name": "rubybattle",
  "lockfileVersion": 3,
  "requires": true,
  "packages": {
    "": {
      "dependencies": {
        "codemirror": "^6.0.1",
        "mrujs": "^0.3.0-beta.22"
      }
    },
    "node_modules/@codemirror/autocomplete": {
      "version": "6.16.3",
      "resolved": "https://registry.npmjs.org/@codemirror/autocomplete/-/autocomplete-6.16.3.tgz",
      "integrity": "sha512-Vl/tIeRVVUCRDuOG48lttBasNQu8usGgXQawBXI7WJAiUDSFOfzflmEsZFZo48mAvAaa4FZ/4/yLLxFtdJaKYA==",
      "license": "MIT",
      "dependencies": {
        "@codemirror/language": "^6.0.0",
        "@codemirror/state": "^6.0.0",
        "@codemirror/view": "^6.17.0",
        "@lezer/common": "^1.0.0"
      },
      "peerDependencies": {
        "@codemirror/language": "^6.0.0",
        "@codemirror/state": "^6.0.0",
        "@codemirror/view": "^6.0.0",
        "@lezer/common": "^1.0.0"
      }
    },
    "node_modules/@codemirror/commands": {
      "version": "6.6.0",
      "resolved": "https://registry.npmjs.org/@codemirror/commands/-/commands-6.6.0.tgz",
      "integrity": "sha512-qnY+b7j1UNcTS31Eenuc/5YJB6gQOzkUoNmJQc0rznwqSRpeaWWpjkWy2C/MPTcePpsKJEM26hXrOXl1+nceXg==",
      "license": "MIT",
      "dependencies": {
        "@codemirror/language": "^6.0.0",
        "@codemirror/state": "^6.4.0",
        "@codemirror/view": "^6.27.0",
        "@lezer/common": "^1.1.0"
      }
    },
    "node_modules/@codemirror/language": {
      "version": "6.10.2",
      "resolved": "https://registry.npmjs.org/@codemirror/language/-/language-6.10.2.tgz",
      "integrity": "sha512-kgbTYTo0Au6dCSc/TFy7fK3fpJmgHDv1sG1KNQKJXVi+xBTEeBPY/M30YXiU6mMXeH+YIDLsbrT4ZwNRdtF+SA==",
      "license": "MIT",
      "dependencies": {
        "@codemirror/state": "^6.0.0",
        "@codemirror/view": "^6.23.0",
        "@lezer/common": "^1.1.0",
        "@lezer/highlight": "^1.0.0",
        "@lezer/lr": "^1.0.0",
        "style-mod": "^4.0.0"
      }
    },
    "node_modules/@codemirror/lint": {
      "version": "6.8.1",
      "resolved": "https://registry.npmjs.org/@codemirror/lint/-/lint-6.8.1.tgz",
      "integrity": "sha512-IZ0Y7S4/bpaunwggW2jYqwLuHj0QtESf5xcROewY6+lDNwZ/NzvR4t+vpYgg9m7V8UXLPYqG+lu3DF470E5Oxg==",
      "license": "MIT",
      "dependencies": {
        "@codemirror/state": "^6.0.0",
        "@codemirror/view": "^6.0.0",
        "crelt": "^1.0.5"
      }
    },
    "node_modules/@codemirror/search": {
      "version": "6.5.6",
      "resolved": "https://registry.npmjs.org/@codemirror/search/-/search-6.5.6.tgz",
      "integrity": "sha512-rpMgcsh7o0GuCDUXKPvww+muLA1pDJaFrpq/CCHtpQJYz8xopu4D1hPcKRoDD0YlF8gZaqTNIRa4VRBWyhyy7Q==",
      "license": "MIT",
      "dependencies": {
        "@codemirror/state": "^6.0.0",
        "@codemirror/view": "^6.0.0",
        "crelt": "^1.0.5"
      }
    },
    "node_modules/@codemirror/state": {
      "version": "6.4.1",
      "resolved": "https://registry.npmjs.org/@codemirror/state/-/state-6.4.1.tgz",
      "integrity": "sha512-QkEyUiLhsJoZkbumGZlswmAhA7CBU02Wrz7zvH4SrcifbsqwlXShVXg65f3v/ts57W3dqyamEriMhij1Z3Zz4A==",
      "license": "MIT"
    },
    "node_modules/@codemirror/view": {
      "version": "6.28.2",
      "resolved": "https://registry.npmjs.org/@codemirror/view/-/view-6.28.2.tgz",
      "integrity": "sha512-A3DmyVfjgPsGIjiJqM/zvODUAPQdQl3ci0ghehYNnbt5x+o76xq+dL5+mMBuysDXnI3kapgOkoeJ0sbtL/3qPw==",
      "license": "MIT",
      "dependencies": {
        "@codemirror/state": "^6.4.0",
        "style-mod": "^4.1.0",
        "w3c-keyname": "^2.2.4"
      }
    },
    "node_modules/@lezer/common": {
      "version": "1.2.1",
      "resolved": "https://registry.npmjs.org/@lezer/common/-/common-1.2.1.tgz",
      "integrity": "sha512-yemX0ZD2xS/73llMZIK6KplkjIjf2EvAHcinDi/TfJ9hS25G0388+ClHt6/3but0oOxinTcQHJLDXh6w1crzFQ==",
      "license": "MIT"
    },
    "node_modules/@lezer/highlight": {
      "version": "1.2.0",
      "resolved": "https://registry.npmjs.org/@lezer/highlight/-/highlight-1.2.0.tgz",
      "integrity": "sha512-WrS5Mw51sGrpqjlh3d4/fOwpEV2Hd3YOkp9DBt4k8XZQcoTHZFB7sx030A6OcahF4J1nDQAa3jXlTVVYH50IFA==",
      "license": "MIT",
      "dependencies": {
        "@lezer/common": "^1.0.0"
      }
    },
    "node_modules/@lezer/lr": {
      "version": "1.4.1",
      "resolved": "https://registry.npmjs.org/@lezer/lr/-/lr-1.4.1.tgz",
      "integrity": "sha512-CHsKq8DMKBf9b3yXPDIU4DbH+ZJd/sJdYOW2llbW/HudP5u0VS6Bfq1hLYfgU7uAYGFIyGGQIsSOXGPEErZiJw==",
      "license": "MIT",
      "dependencies": {
        "@lezer/common": "^1.0.0"
      }
    },
    "node_modules/codemirror": {
      "version": "6.0.1",
      "resolved": "https://registry.npmjs.org/codemirror/-/codemirror-6.0.1.tgz",
      "integrity": "sha512-J8j+nZ+CdWmIeFIGXEFbFPtpiYacFMDR8GlHK3IyHQJMCaVRfGx9NT+Hxivv1ckLWPvNdZqndbr/7lVhrf/Svg==",
      "license": "MIT",
      "dependencies": {
        "@codemirror/autocomplete": "^6.0.0",
        "@codemirror/commands": "^6.0.0",
        "@codemirror/language": "^6.0.0",
        "@codemirror/lint": "^6.0.0",
        "@codemirror/search": "^6.0.0",
        "@codemirror/state": "^6.0.0",
        "@codemirror/view": "^6.0.0"
      }
    },
    "node_modules/crelt": {
      "version": "1.0.6",
      "resolved": "https://registry.npmjs.org/crelt/-/crelt-1.0.6.tgz",
      "integrity": "sha512-VQ2MBenTq1fWZUH9DJNGti7kKv6EeAuYr3cLwxUWhIu1baTaXh4Ib5W2CqHVqib4/MqbYGJqiL3Zb8GJZr3l4g==",
      "license": "MIT"
    },
    "node_modules/morphdom": {
      "version": "2.7.4",
      "resolved": "https://registry.npmjs.org/morphdom/-/morphdom-2.7.4.tgz",
      "integrity": "sha512-ATTbWMgGa+FaMU3FhnFYB6WgulCqwf6opOll4CBzmVDTLvPMmUPrEv8CudmLPK0MESa64+6B89fWOxP3+YIlxQ==",
      "license": "MIT"
    },
    "node_modules/mrujs": {
      "version": "0.3.0-beta.22",
      "resolved": "https://registry.npmjs.org/mrujs/-/mrujs-0.3.0-beta.22.tgz",
      "integrity": "sha512-zToVzcpIA0+nBYW2vLWqrE2epsBV7S6cqyX6A7tmXulcusHBPbjc8pVql9+78r6Q1KoIY1CBDNWvGc3cb34lRA==",
      "license": "MIT",
      "dependencies": {
        "morphdom": ">=2.6.0 <3.0.0"
      }
    },
    "node_modules/style-mod": {
      "version": "4.1.2",
      "resolved": "https://registry.npmjs.org/style-mod/-/style-mod-4.1.2.tgz",
      "integrity": "sha512-wnD1HyVqpJUI2+eKZ+eo1UwghftP6yuFheBqqe+bWCotBjC2K1YnteJILRMs3SM4V/0dLEW1SC27MWP5y+mwmw==",
      "license": "MIT"
    },
    "node_modules/w3c-keyname": {
      "version": "2.2.8",
      "resolved": "https://registry.npmjs.org/w3c-keyname/-/w3c-keyname-2.2.8.tgz",
      "integrity": "sha512-dpojBhNsCNN7T82Tm7k26A6G9ML3NkhDsnw9n/eoxSRlVBB4CEtIQ/KTCLI2Fwf3ataSXRhYFkQi3SlnFwPvPQ==",
      "license": "MIT"
    }
  }
}
