# THIS IS AN AUTOGENERATED FILE. DO NOT EDIT THIS FILE DIRECTLY.
# yarn lockfile v1


"@ai-hero/sandcastle@^0.5.6":
  version "0.5.6"
  resolved "https://registry.npmjs.org/@ai-hero/sandcastle/-/sandcastle-0.5.6.tgz"
  integrity sha512-HGbDRBdu2xLWChnYAyjnVb9G4AvS7joUjHrLd0+6r3jjyMmb6+EZyO/UnLPa0BdJE3MlWW8XTjPSldxICtsZHw==
  dependencies:
    "@clack/prompts" "^1.1.0"
    "@effect/cli" "^0.74.0"
    "@effect/platform" "^0.95.0"
    "@effect/platform-node" "^0.105.0"
    "@effect/printer" "^0.48.0"
    "@effect/printer-ansi" "^0.48.0"
    effect "^3.20.0"

"@clack/core@1.3.0":
  version "1.3.0"
  resolved "https://registry.npmjs.org/@clack/core/-/core-1.3.0.tgz"
  integrity sha512-xJPHpAmEQUBrXSLx0gF+q5K/IyihXpsHZcha+jB+tyahsKRK3Dxo4D0coZDewHo12NhiuzC3dTtMPbm53GEAAA==
  dependencies:
    fast-wrap-ansi "^0.2.0"
    sisteransi "^1.0.5"

"@clack/prompts@^1.1.0":
  version "1.3.0"
  resolved "https://registry.npmjs.org/@clack/prompts/-/prompts-1.3.0.tgz"
  integrity sha512-GgcWwRCs/xPtaqlMy8qRhPnZf9vlWcWZNHAitnVQ3yk7JmSralSiq5q07yaffYE8SogtDm7zFeKccx1QNVARpw==
  dependencies:
    "@clack/core" "1.3.0"
    fast-string-width "^3.0.2"
    fast-wrap-ansi "^0.2.0"
    sisteransi "^1.0.5"

"@codemirror/autocomplete@^6.0.0":
  version "6.16.3"
  resolved "https://registry.npmjs.org/@codemirror/autocomplete/-/autocomplete-6.16.3.tgz"
  integrity sha512-Vl/tIeRVVUCRDuOG48lttBasNQu8usGgXQawBXI7WJAiUDSFOfzflmEsZFZo48mAvAaa4FZ/4/yLLxFtdJaKYA==
  dependencies:
    "@codemirror/language" "^6.0.0"
    "@codemirror/state" "^6.0.0"
    "@codemirror/view" "^6.17.0"
    "@lezer/common" "^1.0.0"

"@codemirror/commands@^6.0.0":
  version "6.6.0"
  resolved "https://registry.npmjs.org/@codemirror/commands/-/commands-6.6.0.tgz"
  integrity sha512-qnY+b7j1UNcTS31Eenuc/5YJB6gQOzkUoNmJQc0rznwqSRpeaWWpjkWy2C/MPTcePpsKJEM26hXrOXl1+nceXg==
  dependencies:
    "@codemirror/language" "^6.0.0"
    "@codemirror/state" "^6.4.0"
    "@codemirror/view" "^6.27.0"
    "@lezer/common" "^1.1.0"

"@codemirror/language@^6.0.0":
  version "6.10.2"
  resolved "https://registry.npmjs.org/@codemirror/language/-/language-6.10.2.tgz"
  integrity sha512-kgbTYTo0Au6dCSc/TFy7fK3fpJmgHDv1sG1KNQKJXVi+xBTEeBPY/M30YXiU6mMXeH+YIDLsbrT4ZwNRdtF+SA==
  dependencies:
    "@codemirror/state" "^6.0.0"
    "@codemirror/view" "^6.23.0"
    "@lezer/common" "^1.1.0"
    "@lezer/highlight" "^1.0.0"
    "@lezer/lr" "^1.0.0"
    style-mod "^4.0.0"

"@codemirror/lint@^6.0.0":
  version "6.8.1"
  resolved "https://registry.npmjs.org/@codemirror/lint/-/lint-6.8.1.tgz"
  integrity sha512-IZ0Y7S4/bpaunwggW2jYqwLuHj0QtESf5xcROewY6+lDNwZ/NzvR4t+vpYgg9m7V8UXLPYqG+lu3DF470E5Oxg==
  dependencies:
    "@codemirror/state" "^6.0.0"
    "@codemirror/view" "^6.0.0"
    crelt "^1.0.5"

"@codemirror/search@^6.0.0":
  version "6.5.6"
  resolved "https://registry.npmjs.org/@codemirror/search/-/search-6.5.6.tgz"
  integrity sha512-rpMgcsh7o0GuCDUXKPvww+muLA1pDJaFrpq/CCHtpQJYz8xopu4D1hPcKRoDD0YlF8gZaqTNIRa4VRBWyhyy7Q==
  dependencies:
    "@codemirror/state" "^6.0.0"
    "@codemirror/view" "^6.0.0"
    crelt "^1.0.5"

"@codemirror/state@^6.0.0", "@codemirror/state@^6.4.0":
  version "6.4.1"
  resolved "https://registry.npmjs.org/@codemirror/state/-/state-6.4.1.tgz"
  integrity sha512-QkEyUiLhsJoZkbumGZlswmAhA7CBU02Wrz7zvH4SrcifbsqwlXShVXg65f3v/ts57W3dqyamEriMhij1Z3Zz4A==

"@codemirror/view@^6.0.0", "@codemirror/view@^6.17.0", "@codemirror/view@^6.23.0", "@codemirror/view@^6.27.0":
  version "6.28.2"
  resolved "https://registry.npmjs.org/@codemirror/view/-/view-6.28.2.tgz"
  integrity sha512-A3DmyVfjgPsGIjiJqM/zvODUAPQdQl3ci0ghehYNnbt5x+o76xq+dL5+mMBuysDXnI3kapgOkoeJ0sbtL/3qPw==
  dependencies:
    "@codemirror/state" "^6.4.0"
    style-mod "^4.1.0"
    w3c-keyname "^2.2.4"

"@effect/cli@^0.74.0":
  version "0.74.0"
  resolved "https://registry.npmjs.org/@effect/cli/-/cli-0.74.0.tgz"
  integrity sha512-vjMJWJWQ2zMRVcZJj2ZGr7vFgVoX6lsCuqAsNiN2ndWZAidkEJ6g1Euuib2V2nTXeWvRyd3FY2Fw2UvX48Uenw==
  dependencies:
    ini "^4.1.3"
    toml "^3.0.0"
    yaml "^2.5.0"

"@effect/cluster@^0.57.0":
  version "0.57.0"
  resolved "https://registry.npmjs.org/@effect/cluster/-/cluster-0.57.0.tgz"
  integrity sha512-VjZoZ4hmgDb0GtGjktypTk/nArA3ntsXU2O9vOBzDjJLRKVBt7IS0/cllHrHwK5Jxkfz86B2k+Prw4/+nrLFlw==
  dependencies:
    kubernetes-types "^1.30.0"

"@effect/experimental@^0.59.0":
  version "0.59.0"
  resolved "https://registry.npmjs.org/@effect/experimental/-/experimental-0.59.0.tgz"
  integrity sha512-XqdBpIH5VLlkRxKlyPYp8TAYUeBPjoWYgtrxDebDab14K4kkrpkHk0ZsmmOiQUZ+LY5veRn/PBSogXor9gtPqg==
  dependencies:
    uuid "^11.0.3"

"@effect/platform-node-shared@^0.58.0":
  version "0.58.0"
  resolved "https://registry.npmjs.org/@effect/platform-node-shared/-/platform-node-shared-0.58.0.tgz"
  integrity sha512-kl8ejYM1xvjRlk+4/R1YzB6A3E3hVWY4jIfEl21uu4S43V0S15gHvcur7iMIEXfJTX1a25EKF+Buef+Yv5wZZQ==
  dependencies:
    "@parcel/watcher" "^2.5.1"
    multipasta "^0.2.7"
    ws "^8.18.2"

"@effect/platform-node@^0.105.0":
  version "0.105.0"
  resolved "https://registry.npmjs.org/@effect/platform-node/-/platform-node-0.105.0.tgz"
  integrity sha512-6JxOLqLJMm+m1ZQavIb75S7YJ4fRvrDaYUZ4rqv2IMq5ZK9HVaU/LeejE9tip9zAG9yNM/6mn183iiIV/xge5w==
  dependencies:
    "@effect/platform-node-shared" "^0.58.0"
    mime "^3.0.0"
    undici "^7.10.0"
    ws "^8.18.2"

"@effect/platform@^0.95.0":
  version "0.95.0"
  resolved "https://registry.npmjs.org/@effect/platform/-/platform-0.95.0.tgz"
  integrity sha512-WDlRiWRSWlmhCPq09bvAofK0qr5vM4yNklXjoJdZHmugKRRTpN/Okn3ODnjgM/Kb/4hjMrRyrsUeH/Brieq7KA==
  dependencies:
    find-my-way-ts "^0.1.6"
    msgpackr "^1.11.4"
    multipasta "^0.2.7"

"@effect/printer-ansi@^0.48.0":
  version "0.48.0"
  resolved "https://registry.npmjs.org/@effect/printer-ansi/-/printer-ansi-0.48.0.tgz"
  integrity sha512-CzQ5kiomjR9DZ6LPfKAaWmys6JU65c2Q/VQcTKRK4RfaDWeTAehpAVmgOIyKSPkcr9XBhjo2cJx4xyZ4E5nN7g==
  dependencies:
    "@effect/printer" "^0.48.0"

"@effect/printer@^0.48.0":
  version "0.48.0"
  resolved "https://registry.npmjs.org/@effect/printer/-/printer-0.48.0.tgz"
  integrity sha512-f/+QVyqACuLkoB+HDDX2XxloslmgMDL+C6ecHBV0cB0zJzJmLCOybwOkRcCI2xJ/DWHEIpoRyvq+Bfdza0AIrA==

"@effect/rpc@^0.74.0":
  version "0.74.0"
  resolved "https://registry.npmjs.org/@effect/rpc/-/rpc-0.74.0.tgz"
  integrity sha512-EV/cHQqJxLtY+RTlPlVQU1KyTzml1wFne+Sh91RacGRRVh6uTm4UdhRh9TNtbYHD4rM9yD3T6zqUgKr0AH8MvQ==
  dependencies:
    msgpackr "^1.11.4"

"@effect/sql@^0.50.0":
  version "0.50.0"
  resolved "https://registry.npmjs.org/@effect/sql/-/sql-0.50.0.tgz"
  integrity sha512-sOTzsC+ICASgSmX1RITYo6ut7ZbkX+hMG6YagJEyhtptxco9MgSflpF/ix/L92haJ+YTS5Zur/Dm2bDNfVes4w==
  dependencies:
    uuid "^11.0.3"

"@effect/typeclass@^0.39.0":
  version "0.39.0"
  resolved "https://registry.npmjs.org/@effect/typeclass/-/typeclass-0.39.0.tgz"
  integrity sha512-V8qGpm4BTMS4pW9e7aCdxC0sy/TYsdxmnpWtokkNWnggZ6kvh1Psp3AfUuuZLyNmUk4T+lYB/ItEsga/+hryig==

"@effect/workflow@^0.17.0":
  version "0.17.0"
  resolved "https://registry.npmjs.org/@effect/workflow/-/workflow-0.17.0.tgz"
  integrity sha512-JiayvFTTMrp36P0cVFcgu6Nb7ZJxQv+FRqs3DPORkVAcCZlWOKa3KyuYebN3qZbRsmLzS7cxuC8BAeMuqb+WaQ==

"@lezer/common@^1.0.0", "@lezer/common@^1.1.0":
  version "1.2.1"
  resolved "https://registry.npmjs.org/@lezer/common/-/common-1.2.1.tgz"
  integrity sha512-yemX0ZD2xS/73llMZIK6KplkjIjf2EvAHcinDi/TfJ9hS25G0388+ClHt6/3but0oOxinTcQHJLDXh6w1crzFQ==

"@lezer/highlight@^1.0.0":
  version "1.2.0"
  resolved "https://registry.npmjs.org/@lezer/highlight/-/highlight-1.2.0.tgz"
  integrity sha512-WrS5Mw51sGrpqjlh3d4/fOwpEV2Hd3YOkp9DBt4k8XZQcoTHZFB7sx030A6OcahF4J1nDQAa3jXlTVVYH50IFA==
  dependencies:
    "@lezer/common" "^1.0.0"

"@lezer/lr@^1.0.0":
  version "1.4.1"
  resolved "https://registry.npmjs.org/@lezer/lr/-/lr-1.4.1.tgz"
  integrity sha512-CHsKq8DMKBf9b3yXPDIU4DbH+ZJd/sJdYOW2llbW/HudP5u0VS6Bfq1hLYfgU7uAYGFIyGGQIsSOXGPEErZiJw==
  dependencies:
    "@lezer/common" "^1.0.0"

"@msgpackr-extract/msgpackr-extract-linux-x64@3.0.3":
  version "3.0.3"
  resolved "https://registry.npmjs.org/@msgpackr-extract/msgpackr-extract-linux-x64/-/msgpackr-extract-linux-x64-3.0.3.tgz"
  integrity sha512-cvwNfbP07pKUfq1uH+S6KJ7dT9K8WOE4ZiAcsrSes+UY55E/0jLYc+vq+DO7jlmqRb5zAggExKm0H7O/CBaesg==

"@orchidjs/sifter@^1.1.0":
  version "1.1.0"
  resolved "https://registry.npmjs.org/@orchidjs/sifter/-/sifter-1.1.0.tgz"
  integrity sha512-mYwHCfr736cIWWdhhSZvDbf90AKt2xyrJspKFC3qyIJG1LtrJeJunYEqCGG4Aq2ijENbc4WkOjszcvNaIAS/pQ==
  dependencies:
    "@orchidjs/unicode-variants" "^1.1.2"

"@orchidjs/unicode-variants@^1.1.2":
  version "1.1.2"
  resolved "https://registry.npmjs.org/@orchidjs/unicode-variants/-/unicode-variants-1.1.2.tgz"
  integrity sha512-5DobW1CHgnBROOEpFlEXytED5OosEWESFvg/VYmH0143oXcijYTprRYJTs+55HzGM4IqxiLFSuqEzu9mPNwVsA==

"@parcel/watcher-linux-x64-glibc@2.5.6":
  version "2.5.6"
  resolved "https://registry.npmjs.org/@parcel/watcher-linux-x64-glibc/-/watcher-linux-x64-glibc-2.5.6.tgz"
  integrity sha512-kbT5wvNQlx7NaGjzPFu8nVIW1rWqV780O7ZtkjuWaPUgpv2NMFpjYERVi0UYj1msZNyCzGlaCWEtzc+exjMGbQ==

"@parcel/watcher@^2.5.1":
  version "2.5.6"
  resolved "https://registry.npmjs.org/@parcel/watcher/-/watcher-2.5.6.tgz"
  integrity sha512-tmmZ3lQxAe/k/+rNnXQRawJ4NjxO2hqiOLTHvWchtGZULp4RyFeh6aU4XdOYBFe2KE1oShQTv4AblOs2iOrNnQ==
  dependencies:
    detect-libc "^2.0.3"
    is-glob "^4.0.3"
    node-addon-api "^7.0.0"
    picomatch "^4.0.3"
  optionalDependencies:
    "@parcel/watcher-android-arm64" "2.5.6"
    "@parcel/watcher-darwin-arm64" "2.5.6"
    "@parcel/watcher-darwin-x64" "2.5.6"
    "@parcel/watcher-freebsd-x64" "2.5.6"
    "@parcel/watcher-linux-arm-glibc" "2.5.6"
    "@parcel/watcher-linux-arm-musl" "2.5.6"
    "@parcel/watcher-linux-arm64-glibc" "2.5.6"
    "@parcel/watcher-linux-arm64-musl" "2.5.6"
    "@parcel/watcher-linux-x64-glibc" "2.5.6"
    "@parcel/watcher-linux-x64-musl" "2.5.6"
    "@parcel/watcher-win32-arm64" "2.5.6"
    "@parcel/watcher-win32-ia32" "2.5.6"
    "@parcel/watcher-win32-x64" "2.5.6"

"@rails/actiontext@^7.1.3-4":
  version "7.2.301"
  resolved "https://registry.npmjs.org/@rails/actiontext/-/actiontext-7.2.301.tgz"
  integrity sha512-OTYzCLCwyJ0yeAa4V1P2z+rC+FySaDoEUg7u8DWWOMhKGO+URHkxVKB3ZpaONc2KDulj7CtDwmPW1gzHd75HqA==
  dependencies:
    "@rails/activestorage" ">= 7.2.0-alpha"

"@rails/activestorage@>= 7.2.0-alpha":
  version "8.1.300"
  resolved "https://registry.npmjs.org/@rails/activestorage/-/activestorage-8.1.300.tgz"
  integrity sha512-AOv3zZrTJjQlzm4L9uzOQtCz6zaM4IqUyux6yzSqmS+PZ8EzwD1F2JAc4LlJNJAv4MSyNYriG+CaCm1QbQTjsA==
  dependencies:
    spark-md5 "^3.0.1"

"@standard-schema/spec@^1.0.0":
  version "1.1.0"
  resolved "https://registry.npmjs.org/@standard-schema/spec/-/spec-1.1.0.tgz"
  integrity sha512-l2aFy5jALhniG5HgqrD6jXLi/rUWrKvqN/qJx6yoJsgKhblVd+iqqU4RCXavm/jPityDo5TCvKMnpjKnOriy0w==

"@types/trusted-types@^2.0.7":
  version "2.0.7"
  resolved "https://registry.npmjs.org/@types/trusted-types/-/trusted-types-2.0.7.tgz"
  integrity sha512-ScaPdn1dQczgbl0QFTeTOmVHFULt394XJgOQNoyVhZ6r2vLnMLJfBPd53SB52T/3G36VI1/g2MZaX0cwDuXsfw==

codemirror@^6.0.1:
  version "6.0.1"
  resolved "https://registry.npmjs.org/codemirror/-/codemirror-6.0.1.tgz"
  integrity sha512-J8j+nZ+CdWmIeFIGXEFbFPtpiYacFMDR8GlHK3IyHQJMCaVRfGx9NT+Hxivv1ckLWPvNdZqndbr/7lVhrf/Svg==
  dependencies:
    "@codemirror/autocomplete" "^6.0.0"
    "@codemirror/commands" "^6.0.0"
    "@codemirror/language" "^6.0.0"
    "@codemirror/lint" "^6.0.0"
    "@codemirror/search" "^6.0.0"
    "@codemirror/state" "^6.0.0"
    "@codemirror/view" "^6.0.0"

crelt@^1.0.5:
  version "1.0.6"
  resolved "https://registry.npmjs.org/crelt/-/crelt-1.0.6.tgz"
  integrity sha512-VQ2MBenTq1fWZUH9DJNGti7kKv6EeAuYr3cLwxUWhIu1baTaXh4Ib5W2CqHVqib4/MqbYGJqiL3Zb8GJZr3l4g==

debounce@^2.1.0:
  version "2.2.0"
  resolved "https://registry.npmjs.org/debounce/-/debounce-2.2.0.tgz"
  integrity sha512-Xks6RUDLZFdz8LIdR6q0MTH44k7FikOmnh5xkSjMig6ch45afc8sjTjRQf3P6ax8dMgcQrYO/AR2RGWURrruqw==

detect-libc@^2.0.1, detect-libc@^2.0.3:
  version "2.1.2"
  resolved "https://registry.npmjs.org/detect-libc/-/detect-libc-2.1.2.tgz"
  integrity sha512-Btj2BOOO83o3WyH59e8MgXsxEQVcarkUOpEYrubB0urwnN10yQ364rsiByU11nZlqWYZm05i/of7io4mzihBtQ==

dompurify@^3.2.5:
  version "3.4.2"
  resolved "https://registry.npmjs.org/dompurify/-/dompurify-3.4.2.tgz"
  integrity sha512-lHeS9SA/IKeIFFyYciHBr2n0v1VMPlSj843HdLOwjb2OxNwdq9Xykxqhk+FE42MzAdHvInbAolSE4mhahPpjXA==
  optionalDependencies:
    "@types/trusted-types" "^2.0.7"

effect@^3.20.0:
  version "3.21.2"
  resolved "https://registry.npmjs.org/effect/-/effect-3.21.2.tgz"
  integrity sha512-rXd2FGDM8KdjSIrc+mqEELo7ScW7xTVxEf1iInmPSpIde9/nyGuFM710cjTo7/EreGXiUX2MOonPpprbz2XHCg==
  dependencies:
    "@standard-schema/spec" "^1.0.0"
    fast-check "^3.23.1"

fast-check@^3.23.1:
  version "3.23.2"
  resolved "https://registry.npmjs.org/fast-check/-/fast-check-3.23.2.tgz"
  integrity sha512-h5+1OzzfCC3Ef7VbtKdcv7zsstUQwUDlYpUTvjeUsJAssPgLn7QzbboPtL5ro04Mq0rPOsMzl7q5hIbRs2wD1A==
  dependencies:
    pure-rand "^6.1.0"

fast-string-truncated-width@^3.0.2:
  version "3.0.3"
  resolved "https://registry.npmjs.org/fast-string-truncated-width/-/fast-string-truncated-width-3.0.3.tgz"
  integrity sha512-0jjjIEL6+0jag3l2XWWizO64/aZVtpiGE3t0Zgqxv0DPuxiMjvB3M24fCyhZUO4KomJQPj3LTSUnDP3GpdwC0g==

fast-string-width@^3.0.2:
  version "3.0.2"
  resolved "https://registry.npmjs.org/fast-string-width/-/fast-string-width-3.0.2.tgz"
  integrity sha512-gX8LrtNEI5hq8DVUfRQMbr5lpaS4nMIWV+7XEbXk2b8kiQIizgnlr12B4dA3ZEx3308ze0O4Q1R+cHts8kyUJg==
  dependencies:
    fast-string-truncated-width "^3.0.2"

fast-wrap-ansi@^0.2.0:
  version "0.2.0"
  resolved "https://registry.npmjs.org/fast-wrap-ansi/-/fast-wrap-ansi-0.2.0.tgz"
  integrity sha512-rLV8JHxTyhVmFYhBJuMujcrHqOT2cnO5Zxj37qROj23CP39GXubJRBUFF0z8KFK77Uc0SukZUf7JZhsVEQ6n8w==
  dependencies:
    fast-string-width "^3.0.2"

find-my-way-ts@^0.1.6:
  version "0.1.6"
  resolved "https://registry.npmjs.org/find-my-way-ts/-/find-my-way-ts-0.1.6.tgz"
  integrity sha512-a85L9ZoXtNAey3Y6Z+eBWW658kO/MwR7zIafkIUPUMf3isZG0NCs2pjW2wtjxAKuJPxMAsHUIP4ZPGv0o5gyTA==

ini@^4.1.3:
  version "4.1.3"
  resolved "https://registry.npmjs.org/ini/-/ini-4.1.3.tgz"
  integrity sha512-X7rqawQBvfdjS10YU1y1YVreA3SsLrW9dX2CewP2EbBJM4ypVNLDkO5y04gejPwKIY9lR+7r9gn3rFPt/kmWFg==

is-extglob@^2.1.1:
  version "2.1.1"
  resolved "https://registry.npmjs.org/is-extglob/-/is-extglob-2.1.1.tgz"
  integrity sha512-SbKbANkN603Vi4jEZv49LeVJMn4yGwsbzZworEoyEiutsN3nJYdbO36zfhGJ6QEDpOZIFkDtnq5JRxmvl3jsoQ==

is-glob@^4.0.3:
  version "4.0.3"
  resolved "https://registry.npmjs.org/is-glob/-/is-glob-4.0.3.tgz"
  integrity sha512-xelSayHH36ZgE7ZWhli7pW34hNbNl8Ojv5KVmkJD4hBdD3th8Tfk9vYasLM+mXWOZhFkgZfxhLSnrwRr4elSSg==
  dependencies:
    is-extglob "^2.1.1"

kubernetes-types@^1.30.0:
  version "1.30.0"
  resolved "https://registry.npmjs.org/kubernetes-types/-/kubernetes-types-1.30.0.tgz"
  integrity sha512-Dew1okvhM/SQcIa2rcgujNndZwU8VnSapDgdxlYoB84ZlpAD43U6KLAFqYo17ykSFGHNPrg0qry0bP+GJd9v7Q==

mime@^3.0.0:
  version "3.0.0"
  resolved "https://registry.npmjs.org/mime/-/mime-3.0.0.tgz"
  integrity sha512-jSCU7/VB1loIWBZe14aEYHU/+1UMEHoaO7qxCOVJOw9GgH72VAWppxNcjU+x9a2k3GSIBXNKxXQFqRvvZ7vr3A==

"morphdom@>=2.6.0 <3.0.0":
  version "2.7.4"
  resolved "https://registry.npmjs.org/morphdom/-/morphdom-2.7.4.tgz"
  integrity sha512-ATTbWMgGa+FaMU3FhnFYB6WgulCqwf6opOll4CBzmVDTLvPMmUPrEv8CudmLPK0MESa64+6B89fWOxP3+YIlxQ==

mrujs@^0.3.0-beta.22:
  version "0.3.0-beta.22"
  resolved "https://registry.npmjs.org/mrujs/-/mrujs-0.3.0-beta.22.tgz"
  integrity sha512-zToVzcpIA0+nBYW2vLWqrE2epsBV7S6cqyX6A7tmXulcusHBPbjc8pVql9+78r6Q1KoIY1CBDNWvGc3cb34lRA==
  dependencies:
    morphdom ">=2.6.0 <3.0.0"

msgpackr-extract@^3.0.2:
  version "3.0.3"
  resolved "https://registry.npmjs.org/msgpackr-extract/-/msgpackr-extract-3.0.3.tgz"
  integrity sha512-P0efT1C9jIdVRefqjzOQ9Xml57zpOXnIuS+csaB4MdZbTdmGDLo8XhzBG1N7aO11gKDDkJvBLULeFTo46wwreA==
  dependencies:
    node-gyp-build-optional-packages "5.2.2"
  optionalDependencies:
    "@msgpackr-extract/msgpackr-extract-darwin-arm64" "3.0.3"
    "@msgpackr-extract/msgpackr-extract-darwin-x64" "3.0.3"
    "@msgpackr-extract/msgpackr-extract-linux-arm" "3.0.3"
    "@msgpackr-extract/msgpackr-extract-linux-arm64" "3.0.3"
    "@msgpackr-extract/msgpackr-extract-linux-x64" "3.0.3"
    "@msgpackr-extract/msgpackr-extract-win32-x64" "3.0.3"

msgpackr@^1.11.4:
  version "1.11.10"
  resolved "https://registry.npmjs.org/msgpackr/-/msgpackr-1.11.10.tgz"
  integrity sha512-iCZNq+HszvF+fC3anCm4nBmWEnbeIAfpDs6IStAEKhQ2YSgkjzVG2FF9XJqwwQh5bH3N9OUTUt4QwVN6MLMLtA==
  optionalDependencies:
    msgpackr-extract "^3.0.2"

multipasta@^0.2.7:
  version "0.2.7"
  resolved "https://registry.npmjs.org/multipasta/-/multipasta-0.2.7.tgz"
  integrity sha512-KPA58d68KgGil15oDqXjkUBEBYc00XvbPj5/X+dyzeo/lWm9Nc25pQRlf1D+gv4OpK7NM0J1odrbu9JNNGvynA==

node-addon-api@^7.0.0:
  version "7.1.1"
  resolved "https://registry.npmjs.org/node-addon-api/-/node-addon-api-7.1.1.tgz"
  integrity sha512-5m3bsyrjFWE1xf7nz7YXdN4udnVtXK6/Yfgn5qnahL6bCkf2yKt4k3nuTKAtT4r3IG8JNR2ncsIMdZuAzJjHQQ==

node-gyp-build-optional-packages@5.2.2:
  version "5.2.2"
  resolved "https://registry.npmjs.org/node-gyp-build-optional-packages/-/node-gyp-build-optional-packages-5.2.2.tgz"
  integrity sha512-s+w+rBWnpTMwSFbaE0UXsRlg7hU4FjekKU4eyAih5T8nJuNZT1nNsskXpxmeqSK9UzkBl6UgRlnKc8hz8IEqOw==
  dependencies:
    detect-libc "^2.0.1"

picomatch@^4.0.3:
  version "4.0.4"
  resolved "https://registry.npmjs.org/picomatch/-/picomatch-4.0.4.tgz"
  integrity sha512-QP88BAKvMam/3NxH6vj2o21R6MjxZUAd6nlwAS/pnGvN9IVLocLHxGYIzFhg6fUQ+5th6P4dv4eW9jX3DSIj7A==

pure-rand@^6.1.0:
  version "6.1.0"
  resolved "https://registry.npmjs.org/pure-rand/-/pure-rand-6.1.0.tgz"
  integrity sha512-bVWawvoZoBYpp6yIoQtQXHZjmz35RSVHnUOTefl8Vcjr8snTPY1wnpSPMWekcFwbxI6gtmT7rSYPFvz71ldiOA==

sisteransi@^1.0.5:
  version "1.0.5"
  resolved "https://registry.npmjs.org/sisteransi/-/sisteransi-1.0.5.tgz"
  integrity sha512-bLGGlR1QxBcynn2d5YmDX4MGjlZvy2MRBDRNHLJ8VI6l6+9FUiyTFNJ0IveOSP0bcXgVDPRcfGqA0pjaqUpfVg==

spark-md5@^3.0.1:
  version "3.0.2"
  resolved "https://registry.npmjs.org/spark-md5/-/spark-md5-3.0.2.tgz"
  integrity sha512-wcFzz9cDfbuqe0FZzfi2or1sgyIrsDwmPwfZC4hiNidPdPINjeUwNfv5kldczoEAcjl9Y1L3SM7Uz2PUEQzxQw==

style-mod@^4.0.0, style-mod@^4.1.0:
  version "4.1.2"
  resolved "https://registry.npmjs.org/style-mod/-/style-mod-4.1.2.tgz"
  integrity sha512-wnD1HyVqpJUI2+eKZ+eo1UwghftP6yuFheBqqe+bWCotBjC2K1YnteJILRMs3SM4V/0dLEW1SC27MWP5y+mwmw==

tom-select@^2.3.1:
  version "2.6.0"
  resolved "https://registry.npmjs.org/tom-select/-/tom-select-2.6.0.tgz"
  integrity sha512-o2ToBjhUAnrrQvW/hrY9c//TpOpAKYSlfuFnf0DIwNy+ua+mmYnsF4PxN/PpzBfUIfEFkNYAngeGBfOAZWF3tw==
  dependencies:
    "@orchidjs/sifter" "^1.1.0"
    "@orchidjs/unicode-variants" "^1.1.2"

toml@^3.0.0:
  version "3.0.0"
  resolved "https://registry.npmjs.org/toml/-/toml-3.0.0.tgz"
  integrity sha512-y/mWCZinnvxjTKYhJ+pYxwD0mRLVvOtdS2Awbgxln6iEnt4rk0yBxeSBHkGJcPucRiG0e55mwWp+g/05rsrd6w==

trix@^2.0.0, trix@^2.1.4:
  version "2.1.18"
  resolved "https://registry.npmjs.org/trix/-/trix-2.1.18.tgz"
  integrity sha512-DWOdTsz3n9PO3YBc1R6pGh9MG1cXys/2+rouc/qsISncjc2MBew2UOW8nXh3NjUOjobKsXCIPR6LB02abg2EYg==
  dependencies:
    dompurify "^3.2.5"

undici@^7.10.0:
  version "7.25.0"
  resolved "https://registry.npmjs.org/undici/-/undici-7.25.0.tgz"
  integrity sha512-xXnp4kTyor2Zq+J1FfPI6Eq3ew5h6Vl0F/8d9XU5zZQf1tX9s2Su1/3PiMmUANFULpmksxkClamIZcaUqryHsQ==

uuid@^11.0.3:
  version "11.1.1"
  resolved "https://registry.npmjs.org/uuid/-/uuid-11.1.1.tgz"
  integrity sha512-vIYxrBCC/N/K+Js3qSN88go7kIfNPssr/hHCesKCQNAjmgvYS2oqr69kIufEG+O4+PfezOH4EbIeHCfFov8ZgQ==

w3c-keyname@^2.2.4:
  version "2.2.8"
  resolved "https://registry.npmjs.org/w3c-keyname/-/w3c-keyname-2.2.8.tgz"
  integrity sha512-dpojBhNsCNN7T82Tm7k26A6G9ML3NkhDsnw9n/eoxSRlVBB4CEtIQ/KTCLI2Fwf3ataSXRhYFkQi3SlnFwPvPQ==

ws@^8.18.2:
  version "8.20.0"
  resolved "https://registry.npmjs.org/ws/-/ws-8.20.0.tgz"
  integrity sha512-sAt8BhgNbzCtgGbt2OxmpuryO63ZoDk/sqaB/znQm94T4fCEsy/yV+7CdC1kJhOU9lboAEU7R3kquuycDoibVA==

yaml@^2.5.0:
  version "2.8.3"
  resolved "https://registry.npmjs.org/yaml/-/yaml-2.8.3.tgz"
  integrity sha512-AvbaCLOO2Otw/lW5bmh9d/WEdcDFdQp2Z2ZUH3pX9U2ihyUY0nvLv7J6TrWowklRGPYbB/IuIMfYgxaCPg5Bpg==
